PODS:
  - PromiseKit (6.10.0):
    - PromiseKit/CorePromise (= 6.10.0)
    - PromiseKit/Foundation (= 6.10.0)
    - PromiseKit/UIKit (= 6.10.0)
  - PromiseKit/CorePromise (6.10.0)
  - PromiseKit/Foundation (6.10.0):
    - PromiseKit/CorePromise
  - PromiseKit/UIKit (6.10.0):
    - PromiseKit/CorePromise

DEPENDENCIES:
  - PromiseKit (~> 6.8)

SPEC REPOS:
  https://github.com/CocoaPods/Specs.git:
    - PromiseKit

SPEC CHECKSUMS:
  PromiseKit: 1fdaeb6c0a94a5114fcb814ff3d772b86886ad4e

PODFILE CHECKSUM: 35189890682eb3b46a7136a9b5071064b612816d

COCOAPODS: 1.8.4
