// !$*UTF8*$!
{
	archiveVersion = 1;
	classes = {
	};
	objectVersion = 51;
	objects = {

/* Begin PBXBuildFile section */
		14356653AD8B60293ECC9B43 /* Pods_VimIdeDemo.framework in Frameworks */ = {isa = PBXBuildFile; fileRef = ABFCF38598964966F0780D55 /* Pods_VimIdeDemo.framework */; };
		243B22E12578948B10F4B55E /* Pods_VimIdeDemoTests.framework in Frameworks */ = {isa = PBXBuildFile; fileRef = 3B7FAB287A334153247E5187 /* Pods_VimIdeDemoTests.framework */; };
		3DF885C722D0FBC400B01CE1 /* AppDelegate.m in Sources */ = {isa = PBXBuildFile; fileRef = 3DF885C622D0FBC400B01CE1 /* AppDelegate.m */; };
		3DF885CA22D0FBC400B01CE1 /* ViewController.m in Sources */ = {isa = PBXBuildFile; fileRef = 3DF885C922D0FBC400B01CE1 /* ViewController.m */; };
		3DF885CD22D0FBC400B01CE1 /* Main.storyboard in Resources */ = {isa = PBXBuildFile; fileRef = 3DF885CB22D0FBC400B01CE1 /* Main.storyboard */; };
		3DF885CF22D0FBC500B01CE1 /* Assets.xcassets in Resources */ = {isa = PBXBuildFile; fileRef = 3DF885CE22D0FBC500B01CE1 /* Assets.xcassets */; };
		3DF885D222D0FBC500B01CE1 /* LaunchScreen.storyboard in Resources */ = {isa = PBXBuildFile; fileRef = 3DF885D022D0FBC500B01CE1 /* LaunchScreen.storyboard */; };
		3DF885D522D0FBC500B01CE1 /* main.m in Sources */ = {isa = PBXBuildFile; fileRef = 3DF885D422D0FBC500B01CE1 /* main.m */; };
		3DF885DF22D0FBC600B01CE1 /* VimIdeDemoTests.m in Sources */ = {isa = PBXBuildFile; fileRef = 3DF885DE22D0FBC600B01CE1 /* VimIdeDemoTests.m */; };
/* End PBXBuildFile section */

/* Begin PBXContainerItemProxy section */
		3DF885DB22D0FBC600B01CE1 /* PBXContainerItemProxy */ = {
			isa = PBXContainerItemProxy;
			containerPortal = 3DF885BA22D0FBC400B01CE1 /* Project object */;
			proxyType = 1;
			remoteGlobalIDString = 3DF885C122D0FBC400B01CE1;
			remoteInfo = VimIdeDemo;
		};
/* End PBXContainerItemProxy section */

/* Begin PBXFileReference section */
		026EE3E90DF6609870BBD8DD /* Pods-VimIdeDemoTests.release.xcconfig */ = {isa = PBXFileReference; includeInIndex = 1; lastKnownFileType = text.xcconfig; name = "Pods-VimIdeDemoTests.release.xcconfig"; path = "Target Support Files/Pods-VimIdeDemoTests/Pods-VimIdeDemoTests.release.xcconfig"; sourceTree = "<group>"; };
		3B7FAB287A334153247E5187 /* Pods_VimIdeDemoTests.framework */ = {isa = PBXFileReference; explicitFileType = wrapper.framework; includeInIndex = 0; path = Pods_VimIdeDemoTests.framework; sourceTree = BUILT_PRODUCTS_DIR; };
		3DF885C222D0FBC400B01CE1 /* VimIdeDemo.app */ = {isa = PBXFileReference; explicitFileType = wrapper.application; includeInIndex = 0; path = VimIdeDemo.app; sourceTree = BUILT_PRODUCTS_DIR; };
		3DF885C522D0FBC400B01CE1 /* AppDelegate.h */ = {isa = PBXFileReference; lastKnownFileType = sourcecode.c.h; path = AppDelegate.h; sourceTree = "<group>"; };
		3DF885C622D0FBC400B01CE1 /* AppDelegate.m */ = {isa = PBXFileReference; lastKnownFileType = sourcecode.c.objc; path = AppDelegate.m; sourceTree = "<group>"; };
		3DF885C822D0FBC400B01CE1 /* ViewController.h */ = {isa = PBXFileReference; lastKnownFileType = sourcecode.c.h; path = ViewController.h; sourceTree = "<group>"; };
		3DF885C922D0FBC400B01CE1 /* ViewController.m */ = {isa = PBXFileReference; lastKnownFileType = sourcecode.c.objc; path = ViewController.m; sourceTree = "<group>"; };
		3DF885CC22D0FBC400B01CE1 /* Base */ = {isa = PBXFileReference; lastKnownFileType = file.storyboard; name = Base; path = Base.lproj/Main.storyboard; sourceTree = "<group>"; };
		3DF885CE22D0FBC500B01CE1 /* Assets.xcassets */ = {isa = PBXFileReference; lastKnownFileType = folder.assetcatalog; path = Assets.xcassets; sourceTree = "<group>"; };
		3DF885D122D0FBC500B01CE1 /* Base */ = {isa = PBXFileReference; lastKnownFileType = file.storyboard; name = Base; path = Base.lproj/LaunchScreen.storyboard; sourceTree = "<group>"; };
		3DF885D322D0FBC500B01CE1 /* Info.plist */ = {isa = PBXFileReference; lastKnownFileType = text.plist.xml; path = Info.plist; sourceTree = "<group>"; };
		3DF885D422D0FBC500B01CE1 /* main.m */ = {isa = PBXFileReference; lastKnownFileType = sourcecode.c.objc; path = main.m; sourceTree = "<group>"; };
		3DF885DA22D0FBC600B01CE1 /* VimIdeDemoTests.xctest */ = {isa = PBXFileReference; explicitFileType = wrapper.cfbundle; includeInIndex = 0; path = VimIdeDemoTests.xctest; sourceTree = BUILT_PRODUCTS_DIR; };
		3DF885DE22D0FBC600B01CE1 /* VimIdeDemoTests.m */ = {isa = PBXFileReference; lastKnownFileType = sourcecode.c.objc; path = VimIdeDemoTests.m; sourceTree = "<group>"; };
		3DF885E022D0FBC600B01CE1 /* Info.plist */ = {isa = PBXFileReference; lastKnownFileType = text.plist.xml; path = Info.plist; sourceTree = "<group>"; };
		4E2936A2305747B8C8560F53 /* Pods-VimIdeDemo.debug.xcconfig */ = {isa = PBXFileReference; includeInIndex = 1; lastKnownFileType = text.xcconfig; name = "Pods-VimIdeDemo.debug.xcconfig"; path = "Target Support Files/Pods-VimIdeDemo/Pods-VimIdeDemo.debug.xcconfig"; sourceTree = "<group>"; };
		57B1ABCEB0F040D1A81FE6E7 /* Pods-VimIdeDemo.release.xcconfig */ = {isa = PBXFileReference; includeInIndex = 1; lastKnownFileType = text.xcconfig; name = "Pods-VimIdeDemo.release.xcconfig"; path = "Target Support Files/Pods-VimIdeDemo/Pods-VimIdeDemo.release.xcconfig"; sourceTree = "<group>"; };
		ABFCF38598964966F0780D55 /* Pods_VimIdeDemo.framework */ = {isa = PBXFileReference; explicitFileType = wrapper.framework; includeInIndex = 0; path = Pods_VimIdeDemo.framework; sourceTree = BUILT_PRODUCTS_DIR; };
		EC8E60D5D7AFD088BAE92616 /* Pods-VimIdeDemoTests.debug.xcconfig */ = {isa = PBXFileReference; includeInIndex = 1; lastKnownFileType = text.xcconfig; name = "Pods-VimIdeDemoTests.debug.xcconfig"; path = "Target Support Files/Pods-VimIdeDemoTests/Pods-VimIdeDemoTests.debug.xcconfig"; sourceTree = "<group>"; };
/* End PBXFileReference section */

/* Begin PBXFrameworksBuildPhase section */
		3DF885BF22D0FBC400B01CE1 /* Frameworks */ = {
			isa = PBXFrameworksBuildPhase;
			buildActionMask = 2147483647;
			files = (
				14356653AD8B60293ECC9B43 /* Pods_VimIdeDemo.framework in Frameworks */,
			);
			runOnlyForDeploymentPostprocessing = 0;
		};
		3DF885D722D0FBC600B01CE1 /* Frameworks */ = {
			isa = PBXFrameworksBuildPhase;
			buildActionMask = 2147483647;
			files = (
				243B22E12578948B10F4B55E /* Pods_VimIdeDemoTests.framework in Frameworks */,
			);
			runOnlyForDeploymentPostprocessing = 0;
		};
/* End PBXFrameworksBuildPhase section */

/* Begin PBXGroup section */
		3DF885B922D0FBC400B01CE1 = {
			isa = PBXGroup;
			children = (
				3DF885C422D0FBC400B01CE1 /* VimIdeDemo */,
				3DF885DD22D0FBC600B01CE1 /* VimIdeDemoTests */,
				3DF885C322D0FBC400B01CE1 /* Products */,
				A59BA56C907D248A21BADD8E /* Pods */,
				5F749B82B0AFAC690239AE2A /* Frameworks */,
			);
			sourceTree = "<group>";
		};
		3DF885C322D0FBC400B01CE1 /* Products */ = {
			isa = PBXGroup;
			children = (
				3DF885C222D0FBC400B01CE1 /* VimIdeDemo.app */,
				3DF885DA22D0FBC600B01CE1 /* VimIdeDemoTests.xctest */,
			);
			name = Products;
			sourceTree = "<group>";
		};
		3DF885C422D0FBC400B01CE1 /* VimIdeDemo */ = {
			isa = PBXGroup;
			children = (
				3DF885C522D0FBC400B01CE1 /* AppDelegate.h */,
				3DF885C622D0FBC400B01CE1 /* AppDelegate.m */,
				3DF885C822D0FBC400B01CE1 /* ViewController.h */,
				3DF885C922D0FBC400B01CE1 /* ViewController.m */,
				3DF885CB22D0FBC400B01CE1 /* Main.storyboard */,
				3DF885CE22D0FBC500B01CE1 /* Assets.xcassets */,
				3DF885D022D0FBC500B01CE1 /* LaunchScreen.storyboard */,
				3DF885D322D0FBC500B01CE1 /* Info.plist */,
				3DF885D422D0FBC500B01CE1 /* main.m */,
			);
			path = VimIdeDemo;
			sourceTree = "<group>";
		};
		3DF885DD22D0FBC600B01CE1 /* VimIdeDemoTests */ = {
			isa = PBXGroup;
			children = (
				3DF885DE22D0FBC600B01CE1 /* VimIdeDemoTests.m */,
				3DF885E022D0FBC600B01CE1 /* Info.plist */,
			);
			path = VimIdeDemoTests;
			sourceTree = "<group>";
		};
		5F749B82B0AFAC690239AE2A /* Frameworks */ = {
			isa = PBXGroup;
			children = (
				ABFCF38598964966F0780D55 /* Pods_VimIdeDemo.framework */,
				3B7FAB287A334153247E5187 /* Pods_VimIdeDemoTests.framework */,
			);
			name = Frameworks;
			sourceTree = "<group>";
		};
		A59BA56C907D248A21BADD8E /* Pods */ = {
			isa = PBXGroup;
			children = (
				4E2936A2305747B8C8560F53 /* Pods-VimIdeDemo.debug.xcconfig */,
				57B1ABCEB0F040D1A81FE6E7 /* Pods-VimIdeDemo.release.xcconfig */,
				EC8E60D5D7AFD088BAE92616 /* Pods-VimIdeDemoTests.debug.xcconfig */,
				026EE3E90DF6609870BBD8DD /* Pods-VimIdeDemoTests.release.xcconfig */,
			);
			path = Pods;
			sourceTree = "<group>";
		};
/* End PBXGroup section */

/* Begin PBXNativeTarget section */
		3DF885C122D0FBC400B01CE1 /* VimIdeDemo */ = {
			isa = PBXNativeTarget;
			buildConfigurationList = 3DF885E322D0FBC600B01CE1 /* Build configuration list for PBXNativeTarget "VimIdeDemo" */;
			buildPhases = (
				FA25A70797557CF221FA896D /* [CP] Check Pods Manifest.lock */,
				3DF885BE22D0FBC400B01CE1 /* Sources */,
				3DF885BF22D0FBC400B01CE1 /* Frameworks */,
				3DF885C022D0FBC400B01CE1 /* Resources */,
				2F2BE10A1D5DE282467A9A55 /* [CP] Embed Pods Frameworks */,
			);
			buildRules = (
			);
			dependencies = (
			);
			name = VimIdeDemo;
			productName = VimIdeDemo;
			productReference = 3DF885C222D0FBC400B01CE1 /* VimIdeDemo.app */;
			productType = "com.apple.product-type.application";
		};
		3DF885D922D0FBC600B01CE1 /* VimIdeDemoTests */ = {
			isa = PBXNativeTarget;
			buildConfigurationList = 3DF885E622D0FBC600B01CE1 /* Build configuration list for PBXNativeTarget "VimIdeDemoTests" */;
			buildPhases = (
				58D0D5D44D8AC19691C7D382 /* [CP] Check Pods Manifest.lock */,
				3DF885D622D0FBC600B01CE1 /* Sources */,
				3DF885D722D0FBC600B01CE1 /* Frameworks */,
				3DF885D822D0FBC600B01CE1 /* Resources */,
			);
			buildRules = (
			);
			dependencies = (
				3DF885DC22D0FBC600B01CE1 /* PBXTargetDependency */,
			);
			name = VimIdeDemoTests;
			productName = VimIdeDemoTests;
			productReference = 3DF885DA22D0FBC600B01CE1 /* VimIdeDemoTests.xctest */;
			productType = "com.apple.product-type.bundle.unit-test";
		};
/* End PBXNativeTarget section */

/* Begin PBXProject section */
		3DF885BA22D0FBC400B01CE1 /* Project object */ = {
			isa = PBXProject;
			attributes = {
				LastUpgradeCheck = 1020;
				ORGANIZATIONNAME = ws2356;
				TargetAttributes = {
					3DF885C122D0FBC400B01CE1 = {
						CreatedOnToolsVersion = 10.2.1;
					};
					3DF885D922D0FBC600B01CE1 = {
						CreatedOnToolsVersion = 10.2.1;
						TestTargetID = 3DF885C122D0FBC400B01CE1;
					};
				};
			};
			buildConfigurationList = 3DF885BD22D0FBC400B01CE1 /* Build configuration list for PBXProject "VimIdeDemo" */;
			compatibilityVersion = "Xcode 9.3";
			developmentRegion = en;
			hasScannedForEncodings = 0;
			knownRegions = (
				en,
				Base,
			);
			mainGroup = 3DF885B922D0FBC400B01CE1;
			productRefGroup = 3DF885C322D0FBC400B01CE1 /* Products */;
			projectDirPath = "";
			projectRoot = "";
			targets = (
				3DF885C122D0FBC400B01CE1 /* VimIdeDemo */,
				3DF885D922D0FBC600B01CE1 /* VimIdeDemoTests */,
			);
		};
/* End PBXProject section */

/* Begin PBXResourcesBuildPhase section */
		3DF885C022D0FBC400B01CE1 /* Resources */ = {
			isa = PBXResourcesBuildPhase;
			buildActionMask = 2147483647;
			files = (
				3DF885D222D0FBC500B01CE1 /* LaunchScreen.storyboard in Resources */,
				3DF885CF22D0FBC500B01CE1 /* Assets.xcassets in Resources */,
				3DF885CD22D0FBC400B01CE1 /* Main.storyboard in Resources */,
			);
			runOnlyForDeploymentPostprocessing = 0;
		};
		3DF885D822D0FBC600B01CE1 /* Resources */ = {
			isa = PBXResourcesBuildPhase;
			buildActionMask = 2147483647;
			files = (
			);
			runOnlyForDeploymentPostprocessing = 0;
		};
/* End PBXResourcesBuildPhase section */

/* Begin PBXShellScriptBuildPhase section */
		2F2BE10A1D5DE282467A9A55 /* [CP] Embed Pods Frameworks */ = {
			isa = PBXShellScriptBuildPhase;
			buildActionMask = 2147483647;
			files = (
			);
			inputFileListPaths = (
				"${PODS_ROOT}/Target Support Files/Pods-VimIdeDemo/Pods-VimIdeDemo-frameworks-${CONFIGURATION}-input-files.xcfilelist",
			);
			name = "[CP] Embed Pods Frameworks";
			outputFileListPaths = (
				"${PODS_ROOT}/Target Support Files/Pods-VimIdeDemo/Pods-VimIdeDemo-frameworks-${CONFIGURATION}-output-files.xcfilelist",
			);
			runOnlyForDeploymentPostprocessing = 0;
			shellPath = /bin/sh;
			shellScript = "\"${PODS_ROOT}/Target Support Files/Pods-VimIdeDemo/Pods-VimIdeDemo-frameworks.sh\"\n";
			showEnvVarsInLog = 0;
		};
		58D0D5D44D8AC19691C7D382 /* [CP] Check Pods Manifest.lock */ = {
			isa = PBXShellScriptBuildPhase;
			buildActionMask = 2147483647;
			files = (
			);
			inputFileListPaths = (
			);
			inputPaths = (
				"${PODS_PODFILE_DIR_PATH}/Podfile.lock",
				"${PODS_ROOT}/Manifest.lock",
			);
			name = "[CP] Check Pods Manifest.lock";
			outputFileListPaths = (
			);
			outputPaths = (
				"$(DERIVED_FILE_DIR)/Pods-VimIdeDemoTests-checkManifestLockResult.txt",
			);
			runOnlyForDeploymentPostprocessing = 0;
			shellPath = /bin/sh;
			shellScript = "diff \"${PODS_PODFILE_DIR_PATH}/Podfile.lock\" \"${PODS_ROOT}/Manifest.lock\" > /dev/null\nif [ $? != 0 ] ; then\n    # print error to STDERR\n    echo \"error: The sandbox is not in sync with the Podfile.lock. Run 'pod install' or update your CocoaPods installation.\" >&2\n    exit 1\nfi\n# This output is used by Xcode 'outputs' to avoid re-running this script phase.\necho \"SUCCESS\" > \"${SCRIPT_OUTPUT_FILE_0}\"\n";
			showEnvVarsInLog = 0;
		};
		FA25A70797557CF221FA896D /* [CP] Check Pods Manifest.lock */ = {
			isa = PBXShellScriptBuildPhase;
			buildActionMask = 2147483647;
			files = (
			);
			inputFileListPaths = (
			);
			inputPaths = (
				"${PODS_PODFILE_DIR_PATH}/Podfile.lock",
				"${PODS_ROOT}/Manifest.lock",
			);
			name = "[CP] Check Pods Manifest.lock";
			outputFileListPaths = (
			);
			outputPaths = (
				"$(DERIVED_FILE_DIR)/Pods-VimIdeDemo-checkManifestLockResult.txt",
			);
			runOnlyForDeploymentPostprocessing = 0;
			shellPath = /bin/sh;
			shellScript = "diff \"${PODS_PODFILE_DIR_PATH}/Podfile.lock\" \"${PODS_ROOT}/Manifest.lock\" > /dev/null\nif [ $? != 0 ] ; then\n    # print error to STDERR\n    echo \"error: The sandbox is not in sync with the Podfile.lock. Run 'pod install' or update your CocoaPods installation.\" >&2\n    exit 1\nfi\n# This output is used by Xcode 'outputs' to avoid re-running this script phase.\necho \"SUCCESS\" > \"${SCRIPT_OUTPUT_FILE_0}\"\n";
			showEnvVarsInLog = 0;
		};
/* End PBXShellScriptBuildPhase section */

/* Begin PBXSourcesBuildPhase section */
		3DF885BE22D0FBC400B01CE1 /* Sources */ = {
			isa = PBXSourcesBuildPhase;
			buildActionMask = 2147483647;
			files = (
				3DF885CA22D0FBC400B01CE1 /* ViewController.m in Sources */,
				3DF885D522D0FBC500B01CE1 /* main.m in Sources */,
				3DF885C722D0FBC400B01CE1 /* AppDelegate.m in Sources */,
			);
			runOnlyForDeploymentPostprocessing = 0;
		};
		3DF885D622D0FBC600B01CE1 /* Sources */ = {
			isa = PBXSourcesBuildPhase;
			buildActionMask = 2147483647;
			files = (
				3DF885DF22D0FBC600B01CE1 /* VimIdeDemoTests.m in Sources */,
			);
			runOnlyForDeploymentPostprocessing = 0;
		};
/* End PBXSourcesBuildPhase section */

/* Begin PBXTargetDependency section */
		3DF885DC22D0FBC600B01CE1 /* PBXTargetDependency */ = {
			isa = PBXTargetDependency;
			target = 3DF885C122D0FBC400B01CE1 /* VimIdeDemo */;
			targetProxy = 3DF885DB22D0FBC600B01CE1 /* PBXContainerItemProxy */;
		};
/* End PBXTargetDependency section */

/* Begin PBXVariantGroup section */
		3DF885CB22D0FBC400B01CE1 /* Main.storyboard */ = {
			isa = PBXVariantGroup;
			children = (
				3DF885CC22D0FBC400B01CE1 /* Base */,
			);
			name = Main.storyboard;
			sourceTree = "<group>";
		};
		3DF885D022D0FBC500B01CE1 /* LaunchScreen.storyboard */ = {
			isa = PBXVariantGroup;
			children = (
				3DF885D122D0FBC500B01CE1 /* Base */,
			);
			name = LaunchScreen.storyboard;
			sourceTree = "<group>";
		};
/* End PBXVariantGroup section */

/* Begin XCBuildConfiguration section */
		3DF885E122D0FBC600B01CE1 /* Debug */ = {
			isa = XCBuildConfiguration;
			buildSettings = {
				ALWAYS_SEARCH_USER_PATHS = NO;
				CLANG_ANALYZER_NONNULL = YES;
				CLANG_ANALYZER_NUMBER_OBJECT_CONVERSION = YES_AGGRESSIVE;
				CLANG_CXX_LANGUAGE_STANDARD = "gnu++14";
				CLANG_CXX_LIBRARY = "libc++";
				CLANG_ENABLE_MODULES = YES;
				CLANG_ENABLE_OBJC_ARC = YES;
				CLANG_ENABLE_OBJC_WEAK = YES;
				CLANG_WARN_BLOCK_CAPTURE_AUTORELEASING = YES;
				CLANG_WARN_BOOL_CONVERSION = YES;
				CLANG_WARN_COMMA = YES;
				CLANG_WARN_CONSTANT_CONVERSION = YES;
				CLANG_WARN_DEPRECATED_OBJC_IMPLEMENTATIONS = YES;
				CLANG_WARN_DIRECT_OBJC_ISA_USAGE = YES_ERROR;
				CLANG_WARN_DOCUMENTATION_COMMENTS = YES;
				CLANG_WARN_EMPTY_BODY = YES;
				CLANG_WARN_ENUM_CONVERSION = YES;
				CLANG_WARN_INFINITE_RECURSION = YES;
				CLANG_WARN_INT_CONVERSION = YES;
				CLANG_WARN_NON_LITERAL_NULL_CONVERSION = YES;
				CLANG_WARN_OBJC_IMPLICIT_RETAIN_SELF = YES;
				CLANG_WARN_OBJC_LITERAL_CONVERSION = YES;
				CLANG_WARN_OBJC_ROOT_CLASS = YES_ERROR;
				CLANG_WARN_RANGE_LOOP_ANALYSIS = YES;
				CLANG_WARN_STRICT_PROTOTYPES = YES;
				CLANG_WARN_SUSPICIOUS_MOVE = YES;
				CLANG_WARN_UNGUARDED_AVAILABILITY = YES_AGGRESSIVE;
				CLANG_WARN_UNREACHABLE_CODE = YES;
				CLANG_WARN__DUPLICATE_METHOD_MATCH = YES;
				CODE_SIGN_IDENTITY = "iPhone Developer";
				COPY_PHASE_STRIP = NO;
				DEBUG_INFORMATION_FORMAT = dwarf;
				ENABLE_STRICT_OBJC_MSGSEND = YES;
				ENABLE_TESTABILITY = YES;
				GCC_C_LANGUAGE_STANDARD = gnu11;
				GCC_DYNAMIC_NO_PIC = NO;
				GCC_NO_COMMON_BLOCKS = YES;
				GCC_OPTIMIZATION_LEVEL = 0;
				GCC_PREPROCESSOR_DEFINITIONS = (
					"DEBUG=1",
					"$(inherited)",
				);
				GCC_WARN_64_TO_32_BIT_CONVERSION = YES;
				GCC_WARN_ABOUT_RETURN_TYPE = YES_ERROR;
				GCC_WARN_UNDECLARED_SELECTOR = YES;
				GCC_WARN_UNINITIALIZED_AUTOS = YES_AGGRESSIVE;
				GCC_WARN_UNUSED_FUNCTION = YES;
				GCC_WARN_UNUSED_VARIABLE = YES;
				IPHONEOS_DEPLOYMENT_TARGET = 12.2;
				MTL_ENABLE_DEBUG_INFO = INCLUDE_SOURCE;
				MTL_FAST_MATH = YES;
				ONLY_ACTIVE_ARCH = YES;
				SDKROOT = iphoneos;
			};
			name = Debug;
		};
		3DF885E222D0FBC600B01CE1 /* Release */ = {
			isa = XCBuildConfiguration;
			buildSettings = {
				ALWAYS_SEARCH_USER_PATHS = NO;
				CLANG_ANALYZER_NONNULL = YES;
				CLANG_ANALYZER_NUMBER_OBJECT_CONVERSION = YES_AGGRESSIVE;
				CLANG_CXX_LANGUAGE_STANDARD = "gnu++14";
				CLANG_CXX_LIBRARY = "libc++";
				CLANG_ENABLE_MODULES = YES;
				CLANG_ENABLE_OBJC_ARC = YES;
				CLANG_ENABLE_OBJC_WEAK = YES;
				CLANG_WARN_BLOCK_CAPTURE_AUTORELEASING = YES;
				CLANG_WARN_BOOL_CONVERSION = YES;
				CLANG_WARN_COMMA = YES;
				CLANG_WARN_CONSTANT_CONVERSION = YES;
				CLANG_WARN_DEPRECATED_OBJC_IMPLEMENTATIONS = YES;
				CLANG_WARN_DIRECT_OBJC_ISA_USAGE = YES_ERROR;
				CLANG_WARN_DOCUMENTATION_COMMENTS = YES;
				CLANG_WARN_EMPTY_BODY = YES;
				CLANG_WARN_ENUM_CONVERSION = YES;
				CLANG_WARN_INFINITE_RECURSION = YES;
				CLANG_WARN_INT_CONVERSION = YES;
				CLANG_WARN_NON_LITERAL_NULL_CONVERSION = YES;
				CLANG_WARN_OBJC_IMPLICIT_RETAIN_SELF = YES;
				CLANG_WARN_OBJC_LITERAL_CONVERSION = YES;
				CLANG_WARN_OBJC_ROOT_CLASS = YES_ERROR;
				CLANG_WARN_RANGE_LOOP_ANALYSIS = YES;
				CLANG_WARN_STRICT_PROTOTYPES = YES;
				CLANG_WARN_SUSPICIOUS_MOVE = YES;
				CLANG_WARN_UNGUARDED_AVAILABILITY = YES_AGGRESSIVE;
				CLANG_WARN_UNREACHABLE_CODE = YES;
				CLANG_WARN__DUPLICATE_METHOD_MATCH = YES;
				CODE_SIGN_IDENTITY = "iPhone Developer";
				COPY_PHASE_STRIP = NO;
				DEBUG_INFORMATION_FORMAT = "dwarf-with-dsym";
				ENABLE_NS_ASSERTIONS = NO;
				ENABLE_STRICT_OBJC_MSGSEND = YES;
				GCC_C_LANGUAGE_STANDARD = gnu11;
				GCC_NO_COMMON_BLOCKS = YES;
				GCC_WARN_64_TO_32_BIT_CONVERSION = YES;
				GCC_WARN_ABOUT_RETURN_TYPE = YES_ERROR;
				GCC_WARN_UNDECLARED_SELECTOR = YES;
				GCC_WARN_UNINITIALIZED_AUTOS = YES_AGGRESSIVE;
				GCC_WARN_UNUSED_FUNCTION = YES;
				GCC_WARN_UNUSED_VARIABLE = YES;
				IPHONEOS_DEPLOYMENT_TARGET = 12.2;
				MTL_ENABLE_DEBUG_INFO = NO;
				MTL_FAST_MATH = YES;
				SDKROOT = iphoneos;
				VALIDATE_PRODUCT = YES;
			};
			name = Release;
		};
		3DF885E422D0FBC600B01CE1 /* Debug */ = {
			isa = XCBuildConfiguration;
			baseConfigurationReference = 4E2936A2305747B8C8560F53 /* Pods-VimIdeDemo.debug.xcconfig */;
			buildSettings = {
				ASSETCATALOG_COMPILER_APPICON_NAME = AppIcon;
				CLANG_ENABLE_MODULES = NO;
				CODE_SIGN_STYLE = Automatic;
				COMPILER_INDEX_STORE_ENABLE = NO;
				DEVELOPMENT_TEAM = M863E7K5E6;
				INFOPLIST_FILE = VimIdeDemo/Info.plist;
				LD_RUNPATH_SEARCH_PATHS = (
					"$(inherited)",
					"@executable_path/Frameworks",
				);
				PRODUCT_BUNDLE_IDENTIFIER = home.ios.VimIdeDemo;
				PRODUCT_NAME = "$(TARGET_NAME)";
				TARGETED_DEVICE_FAMILY = "1,2";
			};
			name = Debug;
		};
		3DF885E522D0FBC600B01CE1 /* Release */ = {
			isa = XCBuildConfiguration;
			baseConfigurationReference = 57B1ABCEB0F040D1A81FE6E7 /* Pods-VimIdeDemo.release.xcconfig */;
			buildSettings = {
				ASSETCATALOG_COMPILER_APPICON_NAME = AppIcon;
				CLANG_ENABLE_MODULES = NO;
				CODE_SIGN_STYLE = Automatic;
				COMPILER_INDEX_STORE_ENABLE = NO;
				DEVELOPMENT_TEAM = M863E7K5E6;
				INFOPLIST_FILE = VimIdeDemo/Info.plist;
				LD_RUNPATH_SEARCH_PATHS = (
					"$(inherited)",
					"@executable_path/Frameworks",
				);
				PRODUCT_BUNDLE_IDENTIFIER = home.ios.VimIdeDemo;
				PRODUCT_NAME = "$(TARGET_NAME)";
				TARGETED_DEVICE_FAMILY = "1,2";
			};
			name = Release;
		};
		3DF885E722D0FBC600B01CE1 /* Debug */ = {
			isa = XCBuildConfiguration;
			baseConfigurationReference = EC8E60D5D7AFD088BAE92616 /* Pods-VimIdeDemoTests.debug.xcconfig */;
			buildSettings = {
				BUNDLE_LOADER = "$(TEST_HOST)";
				CODE_SIGN_STYLE = Automatic;
				DEVELOPMENT_TEAM = M863E7K5E6;
				INFOPLIST_FILE = VimIdeDemoTests/Info.plist;
				LD_RUNPATH_SEARCH_PATHS = (
					"$(inherited)",
					"@executable_path/Frameworks",
					"@loader_path/Frameworks",
				);
				PRODUCT_BUNDLE_IDENTIFIER = home.ios.VimIdeDemoTests;
				PRODUCT_NAME = "$(TARGET_NAME)";
				TARGETED_DEVICE_FAMILY = "1,2";
				TEST_HOST = "$(BUILT_PRODUCTS_DIR)/VimIdeDemo.app/VimIdeDemo";
			};
			name = Debug;
		};
		3DF885E822D0FBC600B01CE1 /* Release */ = {
			isa = XCBuildConfiguration;
			baseConfigurationReference = 026EE3E90DF6609870BBD8DD /* Pods-VimIdeDemoTests.release.xcconfig */;
			buildSettings = {
				BUNDLE_LOADER = "$(TEST_HOST)";
				CODE_SIGN_STYLE = Automatic;
				DEVELOPMENT_TEAM = M863E7K5E6;
				INFOPLIST_FILE = VimIdeDemoTests/Info.plist;
				LD_RUNPATH_SEARCH_PATHS = (
					"$(inherited)",
					"@executable_path/Frameworks",
					"@loader_path/Frameworks",
				);
				PRODUCT_BUNDLE_IDENTIFIER = home.ios.VimIdeDemoTests;
				PRODUCT_NAME = "$(TARGET_NAME)";
				TARGETED_DEVICE_FAMILY = "1,2";
				TEST_HOST = "$(BUILT_PRODUCTS_DIR)/VimIdeDemo.app/VimIdeDemo";
			};
			name = Release;
		};
/* End XCBuildConfiguration section */

/* Begin XCConfigurationList section */
		3DF885BD22D0FBC400B01CE1 /* Build configuration list for PBXProject "VimIdeDemo" */ = {
			isa = XCConfigurationList;
			buildConfigurations = (
				3DF885E122D0FBC600B01CE1 /* Debug */,
				3DF885E222D0FBC600B01CE1 /* Release */,
			);
			defaultConfigurationIsVisible = 0;
			defaultConfigurationName = Release;
		};
		3DF885E322D0FBC600B01CE1 /* Build configuration list for PBXNativeTarget "VimIdeDemo" */ = {
			isa = XCConfigurationList;
			buildConfigurations = (
				3DF885E422D0FBC600B01CE1 /* Debug */,
				3DF885E522D0FBC600B01CE1 /* Release */,
			);
			defaultConfigurationIsVisible = 0;
			defaultConfigurationName = Release;
		};
		3DF885E622D0FBC600B01CE1 /* Build configuration list for PBXNativeTarget "VimIdeDemoTests" */ = {
			isa = XCConfigurationList;
			buildConfigurations = (
				3DF885E722D0FBC600B01CE1 /* Debug */,
				3DF885E822D0FBC600B01CE1 /* Release */,
			);
			defaultConfigurationIsVisible = 0;
			defaultConfigurationName = Release;
		};
/* End XCConfigurationList section */
	};
	rootObject = 3DF885BA22D0FBC400B01CE1 /* Project object */;
}
